# This file is automatically @generated by Poetry 2.1.2 and should not be changed by hand.

[[package]]
name = "black"
version = "25.1.0"
description = "The uncompromising code formatter."
optional = false
python-versions = ">=3.9"
groups = ["main"]
files = [
    { file = "black-25.1.0-cp310-cp310-macosx_10_9_x86_64.whl", hash = "sha256:759e7ec1e050a15f89b770cefbf91ebee8917aac5c20483bc2d80a6c3a04df32" },
    { file = "black-25.1.0-cp310-cp310-macosx_11_0_arm64.whl", hash = "sha256:0e519ecf93120f34243e6b0054db49c00a35f84f195d5bce7e9f5cfc578fc2da" },
    { file = "black-25.1.0-cp310-cp310-manylinux_2_17_x86_64.manylinux2014_x86_64.manylinux_2_28_x86_64.whl", hash = "sha256:055e59b198df7ac0b7efca5ad7ff2516bca343276c466be72eb04a3bcc1f82d7" },
    { file = "black-25.1.0-cp310-cp310-win_amd64.whl", hash = "sha256:db8ea9917d6f8fc62abd90d944920d95e73c83a5ee3383493e35d271aca872e9" },
    { file = "black-25.1.0-cp311-cp311-macosx_10_9_x86_64.whl", hash = "sha256:a39337598244de4bae26475f77dda852ea00a93bd4c728e09eacd827ec929df0" },
    { file = "black-25.1.0-cp311-cp311-macosx_11_0_arm64.whl", hash = "sha256:96c1c7cd856bba8e20094e36e0f948718dc688dba4a9d78c3adde52b9e6c2299" },
    { file = "black-25.1.0-cp311-cp311-manylinux_2_17_x86_64.manylinux2014_x86_64.manylinux_2_28_x86_64.whl", hash = "sha256:bce2e264d59c91e52d8000d507eb20a9aca4a778731a08cfff7e5ac4a4bb7096" },
    { file = "black-25.1.0-cp311-cp311-win_amd64.whl", hash = "sha256:172b1dbff09f86ce6f4eb8edf9dede08b1fce58ba194c87d7a4f1a5aa2f5b3c2" },
    { file = "black-25.1.0-cp312-cp312-macosx_10_13_x86_64.whl", hash = "sha256:4b60580e829091e6f9238c848ea6750efed72140b91b048770b64e74fe04908b" },
    { file = "black-25.1.0-cp312-cp312-macosx_11_0_arm64.whl", hash = "sha256:1e2978f6df243b155ef5fa7e558a43037c3079093ed5d10fd84c43900f2d8ecc" },
    { file = "black-25.1.0-cp312-cp312-manylinux_2_17_x86_64.manylinux2014_x86_64.manylinux_2_28_x86_64.whl", hash = "sha256:3b48735872ec535027d979e8dcb20bf4f70b5ac75a8ea99f127c106a7d7aba9f" },
    { file = "black-25.1.0-cp312-cp312-win_amd64.whl", hash = "sha256:ea0213189960bda9cf99be5b8c8ce66bb054af5e9e861249cd23471bd7b0b3ba" },
    { file = "black-25.1.0-cp313-cp313-macosx_10_13_x86_64.whl", hash = "sha256:8f0b18a02996a836cc9c9c78e5babec10930862827b1b724ddfe98ccf2f2fe4f" },
    { file = "black-25.1.0-cp313-cp313-macosx_11_0_arm64.whl", hash = "sha256:afebb7098bfbc70037a053b91ae8437c3857482d3a690fefc03e9ff7aa9a5fd3" },
    { file = "black-25.1.0-cp313-cp313-manylinux_2_17_x86_64.manylinux2014_x86_64.manylinux_2_28_x86_64.whl", hash = "sha256:030b9759066a4ee5e5aca28c3c77f9c64789cdd4de8ac1df642c40b708be6171" },
    { file = "black-25.1.0-cp313-cp313-win_amd64.whl", hash = "sha256:a22f402b410566e2d1c950708c77ebf5ebd5d0d88a6a2e87c86d9fb48afa0d18" },
    { file = "black-25.1.0-cp39-cp39-macosx_10_9_x86_64.whl", hash = "sha256:a1ee0a0c330f7b5130ce0caed9936a904793576ef4d2b98c40835d6a65afa6a0" },
    { file = "black-25.1.0-cp39-cp39-macosx_11_0_arm64.whl", hash = "sha256:f3df5f1bf91d36002b0a75389ca8663510cf0531cca8aa5c1ef695b46d98655f" },
    { file = "black-25.1.0-cp39-cp39-manylinux_2_17_x86_64.manylinux2014_x86_64.manylinux_2_28_x86_64.whl", hash = "sha256:d9e6827d563a2c820772b32ce8a42828dc6790f095f441beef18f96aa6f8294e" },
    { file = "black-25.1.0-cp39-cp39-win_amd64.whl", hash = "sha256:bacabb307dca5ebaf9c118d2d2f6903da0d62c9faa82bd21a33eecc319559355" },
    { file = "black-25.1.0-py3-none-any.whl", hash = "sha256:95e8176dae143ba9097f351d174fdaf0ccd29efb414b362ae3fd72bf0f710717" },
    { file = "black-25.1.0.tar.gz", hash = "sha256:33496d5cd1222ad73391352b4ae8da15253c5de89b93a80b3e2c8d9a19ec2666" },
]

[package.dependencies]
click = ">=8.0.0"
mypy-extensions = ">=0.4.3"
packaging = ">=22.0"
pathspec = ">=0.9.0"
platformdirs = ">=2"

[package.extras]
colorama = ["colorama (>=0.4.3)"]
d = ["aiohttp (>=3.10)"]
jupyter = ["ipython (>=7.8.0)", "tokenize-rt (>=3.2.0)"]
uvloop = ["uvloop (>=0.15.2)"]

[[package]]
name = "click"
version = "8.1.8"
description = "Composable command line interface toolkit"
optional = false
python-versions = ">=3.7"
groups = ["main"]
files = [
    { file = "click-8.1.8-py3-none-any.whl", hash = "sha256:63c132bbbed01578a06712a2d1f497bb62d9c1c0d329b7903a866228027263b2" },
    { file = "click-8.1.8.tar.gz", hash = "sha256:ed53c9d8990d83c2a27deae68e4ee337473f6330c040a31d4225c9574d16096a" },
]

[package.dependencies]
colorama = { version = "*", markers = "platform_system == \"Windows\"" }

[[package]]
name = "colorama"
version = "0.4.6"
description = "Cross-platform colored terminal text."
optional = false
python-versions = "!=3.0.*,!=3.1.*,!=3.2.*,!=3.3.*,!=3.4.*,!=3.5.*,!=3.6.*,>=2.7"
groups = ["main"]
markers = "platform_system == \"Windows\""
files = [
    { file = "colorama-0.4.6-py2.py3-none-any.whl", hash = "sha256:4f1d9991f5acc0ca119f9d443620b77f9d6b33703e51011c16baf57afb285fc6" },
    { file = "colorama-0.4.6.tar.gz", hash = "sha256:08695f5cb7ed6e0531a20572697297273c47b8cae5a63ffc6d6ed5c201be6e44" },
]

[[package]]
name = "dnspython"
version = "2.7.0"
description = "DNS toolkit"
optional = false
python-versions = ">=3.9"
groups = ["main"]
files = [
    {file = "dnspython-2.7.0-py3-none-any.whl", hash = "sha256:b4c34b7d10b51bcc3a5071e7b8dee77939f1e878477eeecc965e9835f63c6c86"},
    {file = "dnspython-2.7.0.tar.gz", hash = "sha256:ce9c432eda0dc91cf618a5cedf1a4e142651196bbcd2c80e89ed5a907e5cfaf1"},
]

[package.extras]
dev = ["black (>=23.1.0)", "coverage (>=7.0)", "flake8 (>=7)", "hypercorn (>=0.16.0)", "mypy (>=1.8)", "pylint (>=3)", "pytest (>=7.4)", "pytest-cov (>=4.1.0)", "quart-trio (>=0.11.0)", "sphinx (>=7.2.0)", "sphinx-rtd-theme (>=2.0.0)", "twine (>=4.0.0)", "wheel (>=0.42.0)"]
dnssec = ["cryptography (>=43)"]
doh = ["h2 (>=4.1.0)", "httpcore (>=1.0.0)", "httpx (>=0.26.0)"]
doq = ["aioquic (>=1.0.0)"]
idna = ["idna (>=3.7)"]
trio = ["trio (>=0.23)"]
wmi = ["wmi (>=1.5.1)"]

[[package]]
name = "motor"
version = "3.7.0"
description = "Non-blocking MongoDB driver for Tornado or asyncio"
optional = false
python-versions = ">=3.9"
groups = ["main"]
files = [
    {file = "motor-3.7.0-py3-none-any.whl", hash = "sha256:61bdf1afded179f008d423f98066348157686f25a90776ea155db5f47f57d605"},
    {file = "motor-3.7.0.tar.gz", hash = "sha256:0dfa1f12c812bd90819c519b78bed626b5a9dbb29bba079ccff2bfa8627e0fec"},
]

[package.dependencies]
pymongo = ">=4.9,<5.0"

[package.extras]
aws = ["pymongo[aws] (>=4.5,<5)"]
docs = ["aiohttp", "furo (==2024.8.6)", "readthedocs-sphinx-search (>=0.3,<1.0)", "sphinx (>=5.3,<8)", "sphinx-rtd-theme (>=2,<3)", "tornado"]
encryption = ["pymongo[encryption] (>=4.5,<5)"]
gssapi = ["pymongo[gssapi] (>=4.5,<5)"]
ocsp = ["pymongo[ocsp] (>=4.5,<5)"]
snappy = ["pymongo[snappy] (>=4.5,<5)"]
test = ["aiohttp (>=3.8.7)", "cffi (>=1.17.0rc1) ; python_version == \"3.13\"", "mockupdb", "pymongo[encryption] (>=4.5,<5)", "pytest (>=7)", "pytest-asyncio", "tornado (>=5)"]
zstd = ["pymongo[zstd] (>=4.5,<5)"]

[[package]]
name = "mypy-extensions"
version = "1.0.0"
description = "Type system extensions for programs checked with the mypy type checker."
optional = false
python-versions = ">=3.5"
groups = ["main"]
files = [
    { file = "mypy_extensions-1.0.0-py3-none-any.whl", hash = "sha256:4392f6c0eb8a5668a69e23d168ffa70f0be9ccfd32b5cc2d26a34ae5b844552d" },
    { file = "mypy_extensions-1.0.0.tar.gz", hash = "sha256:75dbf8955dc00442a438fc4d0666508a9a97b6bd41aa2f0ffe9d2f2725af0782" },
]

[[package]]
name = "packaging"
version = "25.0"
description = "Core utilities for Python packages"
optional = false
python-versions = ">=3.8"
groups = ["main"]
files = [
    { file = "packaging-25.0-py3-none-any.whl", hash = "sha256:29572ef2b1f17581046b3a2227d5c611fb25ec70ca1ba8554b24b0e69331a484" },
    { file = "packaging-25.0.tar.gz", hash = "sha256:d443872c98d677bf60f6a1f2f8c1cb748e8fe762d2bf9d3148b5599295b0fc4f" },
]

[[package]]
name = "pathspec"
version = "0.12.1"
description = "Utility library for gitignore style pattern matching of file paths."
optional = false
python-versions = ">=3.8"
groups = ["main"]
files = [
    { file = "pathspec-0.12.1-py3-none-any.whl", hash = "sha256:a0d503e138a4c123b27490a4f7beda6a01c6f288df0e4a8b79c7eb0dc7b4cc08" },
    { file = "pathspec-0.12.1.tar.gz", hash = "sha256:a482d51503a1ab33b1c67a6c3813a26953dbdc71c31dacaef9a838c4e29f5712" },
]

[[package]]
name = "platformdirs"
version = "4.3.7"
description = "A small Python package for determining appropriate platform-specific dirs, e.g. a `user data dir`."
optional = false
python-versions = ">=3.9"
groups = ["main"]
files = [
    { file = "platformdirs-4.3.7-py3-none-any.whl", hash = "sha256:a03875334331946f13c549dbd8f4bac7a13a50a895a0eb1e8c6a8ace80d40a94" },
    { file = "platformdirs-4.3.7.tar.gz", hash = "sha256:eb437d586b6a0986388f0d6f74aa0cde27b48d0e3d66843640bfb6bdcdb6e351" },
]

[package.extras]
docs = ["furo (>=2024.8.6)", "proselint (>=0.14)", "sphinx (>=8.1.3)", "sphinx-autodoc-typehints (>=3)"]
test = ["appdirs (==1.4.4)", "covdefaults (>=2.3)", "pytest (>=8.3.4)", "pytest-cov (>=6)", "pytest-mock (>=3.14)"]
type = ["mypy (>=1.14.1)"]

[[package]]
name = "pymongo"
version = "4.12.0"
description = "Python driver for MongoDB <http://www.mongodb.org>"
optional = false
python-versions = ">=3.9"
groups = ["main"]
files = [
    {file = "pymongo-4.12.0-cp310-cp310-macosx_10_9_x86_64.whl", hash = "sha256:e23d9b5e8d2dfc3ac0540966e93008e471345ec9a2797b77be551e64b70fc8ee"},
    {file = "pymongo-4.12.0-cp310-cp310-macosx_11_0_arm64.whl", hash = "sha256:ecf325f31bf8be70ec5cab50b45a8e09acf3952d693215acac965cecaeb6b58d"},
    {file = "pymongo-4.12.0-cp310-cp310-manylinux_2_17_aarch64.manylinux2014_aarch64.whl", hash = "sha256:adf638404fb96ddf0b2ec07df7279ea709d1e05150e527cc98b23fd0db8c3fec"},
    {file = "pymongo-4.12.0-cp310-cp310-manylinux_2_17_ppc64le.manylinux2014_ppc64le.whl", hash = "sha256:6bee9178d6b358a4cee1a13179779810fec5a5406cf0db41fdf0c065d90029e2"},
    {file = "pymongo-4.12.0-cp310-cp310-manylinux_2_17_s390x.manylinux2014_s390x.whl", hash = "sha256:77f618a29c02bcf824915144957e257f7d7329e8ffc1b804fd80a4e2e7b3b2c8"},
    {file = "pymongo-4.12.0-cp310-cp310-manylinux_2_17_x86_64.manylinux2014_x86_64.whl", hash = "sha256:caeff0cd9e78dd6d7ebb961bdbdf68b2ed63432157e7115d669a21fb534f656f"},
    {file = "pymongo-4.12.0-cp310-cp310-manylinux_2_5_i686.manylinux1_i686.manylinux_2_17_i686.manylinux2014_i686.whl", hash = "sha256:b2fb1f0c08929dc48f147010a679a0ef2b7561fcb616a793fa47ab8b10677334"},
    {file = "pymongo-4.12.0-cp310-cp310-win32.whl", hash = "sha256:5daad50a6ac1cbfe404dd68e9a39d6bb06c6891cb3fe73a5bdc9de2033278d15"},
    {file = "pymongo-4.12.0-cp310-cp310-win_amd64.whl", hash = "sha256:6ebd8096dadd5e6c067ac0afc98079bd58750020cf03fce97c67565352b38bff"},
    {file = "pymongo-4.12.0-cp311-cp311-macosx_10_9_x86_64.whl", hash = "sha256:8f9fa8dbe724306f7126497aa8adf1975203117143de2caf4edacb18aa83270f"},
    {file = "pymongo-4.12.0-cp311-cp311-macosx_11_0_arm64.whl", hash = "sha256:b751458ccd52fc84970ae8d4d354a781bcaac244ad957c635ff70b067f160d41"},
    {file = "pymongo-4.12.0-cp311-cp311-manylinux_2_17_aarch64.manylinux2014_aarch64.whl", hash = "sha256:d5b5e30587e532906bd6dd1cadab374cfa72c211419e56ebe125ee1fb01bd110"},
    {file = "pymongo-4.12.0-cp311-cp311-manylinux_2_17_ppc64le.manylinux2014_ppc64le.whl", hash = "sha256:4c2d527443011cc1ff92752f0152e683184d30b1b95f758809efefdd6246dd3f"},
    {file = "pymongo-4.12.0-cp311-cp311-manylinux_2_17_s390x.manylinux2014_s390x.whl", hash = "sha256:bb76c604e834e2dbb2e3675b298e0ff01e56cd3c36ccc7d01fafbc326be0d48a"},
    {file = "pymongo-4.12.0-cp311-cp311-manylinux_2_17_x86_64.manylinux2014_x86_64.whl", hash = "sha256:3ee07a2eb48c583354ba13b9c0b9f904f22f0a7ab349e37852da3a85f3f5bf2a"},
    {file = "pymongo-4.12.0-cp311-cp311-manylinux_2_5_i686.manylinux1_i686.manylinux_2_17_i686.manylinux2014_i686.whl", hash = "sha256:2af7665a9f566a696902e5d396a4bc0c096cc7a03d661aa67f64943488977ed5"},
    {file = "pymongo-4.12.0-cp311-cp311-win32.whl", hash = "sha256:2eb9179252fa6a6ad98e912e821e9602e02a54a720eabc482e0394c5efcbbd09"},
    {file = "pymongo-4.12.0-cp311-cp311-win_amd64.whl", hash = "sha256:8aed3e58a6714aaed324e56723e9f510032ad0f7756430f4484269f4e33e32f5"},
    {file = "pymongo-4.12.0-cp312-cp312-macosx_10_13_x86_64.whl", hash = "sha256:7bd4358da17705c37f29594b799c9ca65b4b1eb17cb0c6696c591809cdd973f2"},
    {file = "pymongo-4.12.0-cp312-cp312-macosx_11_0_arm64.whl", hash = "sha256:14aade4429997c3060e0df945344fc3bf7fb517253a2445017d9c86b100f4dbc"},
    {file = "pymongo-4.12.0-cp312-cp312-manylinux_2_17_aarch64.manylinux2014_aarch64.whl", hash = "sha256:8f8222022357cbba9c024535816200abfd74fb0b7356afc13ce1533515b625af"},
    {file = "pymongo-4.12.0-cp312-cp312-manylinux_2_17_ppc64le.manylinux2014_ppc64le.whl", hash = "sha256:77455951881e438b6ffdf449b31c3af4b3ed6c6af208de3b9a719d5d444785b3"},
    {file = "pymongo-4.12.0-cp312-cp312-manylinux_2_17_s390x.manylinux2014_s390x.whl", hash = "sha256:c906365c12375f3b4eb03b8dda71711cfe0670272d98a47c15eb8d311b03351d"},
    {file = "pymongo-4.12.0-cp312-cp312-manylinux_2_17_x86_64.manylinux2014_x86_64.whl", hash = "sha256:ba90eb88e604778b767d82ff5165de4ac5135b93c32a6931c77ee17bba6a8daf"},
    {file = "pymongo-4.12.0-cp312-cp312-manylinux_2_5_i686.manylinux1_i686.manylinux_2_17_i686.manylinux2014_i686.whl", hash = "sha256:7e5cd2c837a2ee21e6f0a2da44eba44be1718b7db0893c0148caa309b0388790"},
    {file = "pymongo-4.12.0-cp312-cp312-win32.whl", hash = "sha256:e1015c5689b3013c69802d80ef661c8c094d83d0342a68d45ced52c53f412f29"},
    {file = "pymongo-4.12.0-cp312-cp312-win_amd64.whl", hash = "sha256:ab1a1b82b28d9ddeff93351f2e9e803ca78258e447c13c500294780eb2665a03"},
    {file = "pymongo-4.12.0-cp313-cp313-macosx_10_13_x86_64.whl", hash = "sha256:5c44f44b48bdf793b30a83232b5abad2cda1d7c7dc3bbe9e4a952a8b3b4faad1"},
    {file = "pymongo-4.12.0-cp313-cp313-macosx_11_0_arm64.whl", hash = "sha256:df72eeef20c9246eeda9adfa90b4a0e3208be5b840850e22da599f95fc8048f6"},
    {file = "pymongo-4.12.0-cp313-cp313-manylinux_2_17_aarch64.manylinux2014_aarch64.whl", hash = "sha256:3e5328254fbe0aacdb9191ee76e5df1fa36778770f1fe8b99d8d9f51ce12a8c7"},
    {file = "pymongo-4.12.0-cp313-cp313-manylinux_2_17_ppc64le.manylinux2014_ppc64le.whl", hash = "sha256:dc86d4a127a43d27bef9be4f1e501847ecf8e0d530c58c34967dcbf3bf1a9fff"},
    {file = "pymongo-4.12.0-cp313-cp313-manylinux_2_17_s390x.manylinux2014_s390x.whl", hash = "sha256:32863d54beae2b7d60bd33659c56e6b7a81e7d9082e1cd7cce62e8451a164ab8"},
    {file = "pymongo-4.12.0-cp313-cp313-manylinux_2_17_x86_64.manylinux2014_x86_64.whl", hash = "sha256:0be2192be8e6aebe5b0500a6e69d914cecea7567e895edee2d3069c0a2b171b7"},
    {file = "pymongo-4.12.0-cp313-cp313-manylinux_2_5_i686.manylinux1_i686.manylinux_2_17_i686.manylinux2014_i686.whl", hash = "sha256:ab5a3c39bb6a84bf38149a4f9db51e55686827236af96cab17c65f8346b3c1e3"},
    {file = "pymongo-4.12.0-cp313-cp313-win32.whl", hash = "sha256:a0bc2a32763b6fb76ce701b270d88a3939994d76e64088822e7dc2a8d6a69926"},
    {file = "pymongo-4.12.0-cp313-cp313-win_amd64.whl", hash = "sha256:926bc4792396b6c4da40fd7874921564e69b75c2028833318271bed808f4493a"},
    {file = "pymongo-4.12.0-cp313-cp313t-macosx_10_13_x86_64.whl", hash = "sha256:992549d1022ea2d8e7f93ece8191ab1f84dfe157dcfa043b259d9743ee3188ad"},
    {file = "pymongo-4.12.0-cp313-cp313t-macosx_11_0_arm64.whl", hash = "sha256:6d6cb42c18ce1eee3577a6604a53d5e4e2e8c24b05e00c0749e5bc9220977431"},
    {file = "pymongo-4.12.0-cp313-cp313t-manylinux_2_17_aarch64.manylinux2014_aarch64.whl", hash = "sha256:ff17fcb5184f9511cf49b8a62f8f038555c3a07406f4944a8afd614a3d23bbfa"},
    {file = "pymongo-4.12.0-cp313-cp313t-manylinux_2_17_ppc64le.manylinux2014_ppc64le.whl", hash = "sha256:00c918c5f17360ea02da4ef268f2573967ef453c5ccec0caac2545be95ef478e"},
    {file = "pymongo-4.12.0-cp313-cp313t-manylinux_2_17_s390x.manylinux2014_s390x.whl", hash = "sha256:b65cc36d8ef2dfb567a00a81ad16b7ef1989d3092367aff24fab027be7168cc8"},
    {file = "pymongo-4.12.0-cp313-cp313t-manylinux_2_17_x86_64.manylinux2014_x86_64.whl", hash = "sha256:805b18b615ccf23b6fb2ca815f5580085b53acb8700c017bd873e781e90caf89"},
    {file = "pymongo-4.12.0-cp313-cp313t-manylinux_2_5_i686.manylinux1_i686.manylinux_2_17_i686.manylinux2014_i686.whl", hash = "sha256:5f0654f4eab9c72ddb912b0c393dcb6d66936d9e2141f057bb272477bbc8cf8e"},
    {file = "pymongo-4.12.0-cp313-cp313t-win32.whl", hash = "sha256:2e39fecf539d77a3a4fbd332d5e3f375a1ec9a7b2401d6f27aaf8af5a1fd23e2"},
    {file = "pymongo-4.12.0-cp313-cp313t-win_amd64.whl", hash = "sha256:053e43722c0d76e5798abeb04f3a3ca69f8bdd10c3b56c6705fd72bf815dcbb8"},
    {file = "pymongo-4.12.0-cp39-cp39-macosx_10_9_x86_64.whl", hash = "sha256:342dd65e89f6978ac56cb8e1692e72a6de00e6f9f212ff68464e9b54dbc4c431"},
    {file = "pymongo-4.12.0-cp39-cp39-macosx_11_0_arm64.whl", hash = "sha256:dfd34fe5ce934c359def945a23925f42735e384423db6fd847bc9205661644d4"},
    {file = "pymongo-4.12.0-cp39-cp39-manylinux_2_17_aarch64.manylinux2014_aarch64.whl", hash = "sha256:e576d4bf8e27cdcdbe17a2e78a3e96e16ea443c3ac46e722b3a814b0c9ce7ab5"},
    {file = "pymongo-4.12.0-cp39-cp39-manylinux_2_17_ppc64le.manylinux2014_ppc64le.whl", hash = "sha256:5e78419a8f23705a44d01901c14f830c5d38fe2b1d8853bc836b8d04117207a8"},
    {file = "pymongo-4.12.0-cp39-cp39-manylinux_2_17_s390x.manylinux2014_s390x.whl", hash = "sha256:d89af24652dc43c109cb2839ec6ea0e60b9d19301b05d3f8fa1ebdba9e95a1ee"},
    {file = "pymongo-4.12.0-cp39-cp39-manylinux_2_17_x86_64.manylinux2014_x86_64.whl", hash = "sha256:d83fff3c453f55c57f6a9cccabe2578ca97d7a6378006242f56fc7f1c34f1361"},
    {file = "pymongo-4.12.0-cp39-cp39-manylinux_2_5_i686.manylinux1_i686.manylinux_2_17_i686.manylinux2014_i686.whl", hash = "sha256:29709285691102a2c678e65c3bcf6fd4c96e21d6753e6ec8f7ebe96e4c27ba98"},
    {file = "pymongo-4.12.0-cp39-cp39-manylinux_2_5_i686.manylinux1_i686.whl", hash = "sha256:fb983976e606d970d08af6c74de2e462a0e795e47360df67fe1fd85146a813a2"},
    {file = "pymongo-4.12.0-cp39-cp39-manylinux_2_5_x86_64.manylinux1_x86_64.whl", hash = "sha256:9052cf74602b368e8cc042e5bee181ff9179dd473d05319c6bdaf602c76bb173"},
    {file = "pymongo-4.12.0-cp39-cp39-win32.whl", hash = "sha256:11846ba98179cb5bc9325748877501f558db30437cd2db2ba7643d728c16cbfa"},
    {file = "pymongo-4.12.0-cp39-cp39-win_amd64.whl", hash = "sha256:e22d581aed962822dfeee601251101957f53688101af0c0dfc7180f55285c681"},
    {file = "pymongo-4.12.0.tar.gz", hash = "sha256:d9f74a5cf3fccdb72211e33e07a6c05ac09cd0d7c99d21db5c2473fcfdd03152"},
]

[package.dependencies]
dnspython = ">=1.16.0,<3.0.0"

[package.extras]
aws = ["pymongo-auth-aws (>=1.1.0,<2.0.0)"]
docs = ["furo (==2024.8.6)", "readthedocs-sphinx-search (>=0.3,<1.0)", "sphinx (>=5.3,<9)", "sphinx-autobuild (>=2020.9.1)", "sphinx-rtd-theme (>=2,<4)", "sphinxcontrib-shellcheck (>=1,<2)"]
encryption = ["certifi ; os_name == \"nt\" or sys_platform == \"darwin\"", "pymongo-auth-aws (>=1.1.0,<2.0.0)", "pymongocrypt (>=1.13.0,<2.0.0)"]
gssapi = ["pykerberos ; os_name != \"nt\"", "winkerberos (>=0.5.0) ; os_name == \"nt\""]
ocsp = ["certifi ; os_name == \"nt\" or sys_platform == \"darwin\"", "cryptography (>=2.5)", "pyopenssl (>=17.2.0)", "requests (<3.0.0)", "service-identity (>=18.1.0)"]
snappy = ["python-snappy"]
test = ["pytest (>=8.2)", "pytest-asyncio (>=0.24.0)"]
zstd = ["zstandard"]

[metadata]
lock-version = "2.1"
python-versions = ">=3.12"
content-hash = "6c40c7c946a0c1cb2cc6cecd5f0c5a2f57b22943812ef0217bcfc6292bf02a78"
